// !$*UTF8*$!
{
	archiveVersion = 1;
	classes = {
	};
	objectVersion = 56;
	objects = {

/* Begin PBXBuildFile section */
		3F1D0BB02A6F83B50012FA19 /* LibraryAlbumsViewController.swift in Sources */ = {isa = PBXBuildFile; fileRef = 3F1D0BAF2A6F83B50012FA19 /* LibraryAlbumsViewController.swift */; };
		3F1D0BB22A6F83F10012FA19 /* LibraryPlaylistsViewController.swift in Sources */ = {isa = PBXBuildFile; fileRef = 3F1D0BB12A6F83F10012FA19 /* LibraryPlaylistsViewController.swift */; };
		3F1D0BB42A6FBCDF0012FA19 /* LibraryToggleView.swift in Sources */ = {isa = PBXBuildFile; fileRef = 3F1D0BB32A6FBCDF0012FA19 /* LibraryToggleView.swift */; };
		3F3989DA2A65697F00D6F2D2 /* AlbumCollectionViewCellViewModel.swift in Sources */ = {isa = PBXBuildFile; fileRef = 3F3989D92A65697F00D6F2D2 /* AlbumCollectionViewCellViewModel.swift */; };
		3F3EE6082A5D45F30059A82F /* APIImage.swift in Sources */ = {isa = PBXBuildFile; fileRef = 3F3EE6072A5D45F30059A82F /* APIImage.swift */; };
		3F50F0192A4D6D4000C6AC7E /* AuthManager.swift in Sources */ = {isa = PBXBuildFile; fileRef = 3F50F0182A4D6D4000C6AC7E /* AuthManager.swift */; };
		3F50F01B2A4D765900C6AC7E /* Extension.swift in Sources */ = {isa = PBXBuildFile; fileRef = 3F50F01A2A4D765900C6AC7E /* Extension.swift */; };
		3F50F01D2A4DA9D200C6AC7E /* AuthResponse.swift in Sources */ = {isa = PBXBuildFile; fileRef = 3F50F01C2A4DA9D200C6AC7E /* AuthResponse.swift */; };
		3F6228202A4D2DCC0048B7F9 /* AppDelegate.swift in Sources */ = {isa = PBXBuildFile; fileRef = 3F62281F2A4D2DCC0048B7F9 /* AppDelegate.swift */; };
		3F6228222A4D2DCC0048B7F9 /* SceneDelegate.swift in Sources */ = {isa = PBXBuildFile; fileRef = 3F6228212A4D2DCC0048B7F9 /* SceneDelegate.swift */; };
		3F6228292A4D2DCD0048B7F9 /* Assets.xcassets in Resources */ = {isa = PBXBuildFile; fileRef = 3F6228282A4D2DCD0048B7F9 /* Assets.xcassets */; };
		3F62282C2A4D2DCD0048B7F9 /* LaunchScreen.storyboard in Resources */ = {isa = PBXBuildFile; fileRef = 3F62282A2A4D2DCD0048B7F9 /* LaunchScreen.storyboard */; };
		3F6228372A4D2DCD0048B7F9 /* Spotify_AppTests.swift in Sources */ = {isa = PBXBuildFile; fileRef = 3F6228362A4D2DCD0048B7F9 /* Spotify_AppTests.swift */; };
		3F6228412A4D2DCD0048B7F9 /* Spotify_AppUITests.swift in Sources */ = {isa = PBXBuildFile; fileRef = 3F6228402A4D2DCD0048B7F9 /* Spotify_AppUITests.swift */; };
		3F6228432A4D2DCD0048B7F9 /* Spotify_AppUITestsLaunchTests.swift in Sources */ = {isa = PBXBuildFile; fileRef = 3F6228422A4D2DCD0048B7F9 /* Spotify_AppUITestsLaunchTests.swift */; };
		3F6228572A4D346A0048B7F9 /* TabBarViewController.swift in Sources */ = {isa = PBXBuildFile; fileRef = 3F6228562A4D346A0048B7F9 /* TabBarViewController.swift */; };
		3F6228592A4D34A80048B7F9 /* SearchViewController.swift in Sources */ = {isa = PBXBuildFile; fileRef = 3F6228582A4D34A80048B7F9 /* SearchViewController.swift */; };
		3F62285B2A4D34C20048B7F9 /* LibraryViewController.swift in Sources */ = {isa = PBXBuildFile; fileRef = 3F62285A2A4D34C20048B7F9 /* LibraryViewController.swift */; };
		3F6228602A4D355F0048B7F9 /* AuthViewController.swift in Sources */ = {isa = PBXBuildFile; fileRef = 3F62285F2A4D355F0048B7F9 /* AuthViewController.swift */; };
		3F6228622A4D356D0048B7F9 /* WelcomeViewController.swift in Sources */ = {isa = PBXBuildFile; fileRef = 3F6228612A4D356D0048B7F9 /* WelcomeViewController.swift */; };
		3F6228642A4D35930048B7F9 /* SettingViewController.swift in Sources */ = {isa = PBXBuildFile; fileRef = 3F6228632A4D35930048B7F9 /* SettingViewController.swift */; };
		3F6228662A4D359B0048B7F9 /* ProfileViewController.swift in Sources */ = {isa = PBXBuildFile; fileRef = 3F6228652A4D359B0048B7F9 /* ProfileViewController.swift */; };
		3F6228682A4D35AB0048B7F9 /* PlayerViewController.swift in Sources */ = {isa = PBXBuildFile; fileRef = 3F6228672A4D35AB0048B7F9 /* PlayerViewController.swift */; };
		3F62286A2A4D35B50048B7F9 /* PlaylistViewController.swift in Sources */ = {isa = PBXBuildFile; fileRef = 3F6228692A4D35B50048B7F9 /* PlaylistViewController.swift */; };
		3F62286C2A4D35CB0048B7F9 /* SearchResultViewController.swift in Sources */ = {isa = PBXBuildFile; fileRef = 3F62286B2A4D35CB0048B7F9 /* SearchResultViewController.swift */; };
		3F6228702A4D36000048B7F9 /* APICaller.swift in Sources */ = {isa = PBXBuildFile; fileRef = 3F62286F2A4D36000048B7F9 /* APICaller.swift */; };
		3F6228722A4D36140048B7F9 /* HapticManager.swift in Sources */ = {isa = PBXBuildFile; fileRef = 3F6228712A4D36140048B7F9 /* HapticManager.swift */; };
		3F6228742A4D36290048B7F9 /* Playlist.swift in Sources */ = {isa = PBXBuildFile; fileRef = 3F6228732A4D36290048B7F9 /* Playlist.swift */; };
		3F6228762A4D36350048B7F9 /* AudioTrack.swift in Sources */ = {isa = PBXBuildFile; fileRef = 3F6228752A4D36350048B7F9 /* AudioTrack.swift */; };
		3F6228782A4D363D0048B7F9 /* Artist.swift in Sources */ = {isa = PBXBuildFile; fileRef = 3F6228772A4D363D0048B7F9 /* Artist.swift */; };
		3F62287A2A4D364D0048B7F9 /* UserProfile.swift in Sources */ = {isa = PBXBuildFile; fileRef = 3F6228792A4D364D0048B7F9 /* UserProfile.swift */; };
		3F64494E2A5D78F900E86A8F /* FeaturedPlaylistsResponse.swift in Sources */ = {isa = PBXBuildFile; fileRef = 3F64494D2A5D78F900E86A8F /* FeaturedPlaylistsResponse.swift */; };
		3F6449502A5D8A7400E86A8F /* RecommendedGenresResponse.swift in Sources */ = {isa = PBXBuildFile; fileRef = 3F64494F2A5D8A7400E86A8F /* RecommendedGenresResponse.swift */; };
		3F6449542A5D98B100E86A8F /* RecommendationsResponse.swift in Sources */ = {isa = PBXBuildFile; fileRef = 3F6449532A5D98B100E86A8F /* RecommendationsResponse.swift */; };
		3F668D152A5FDE8B00CB755B /* NewReleaseCollectionViewCell.swift in Sources */ = {isa = PBXBuildFile; fileRef = 3F668D142A5FDE8B00CB755B /* NewReleaseCollectionViewCell.swift */; };
		3F668D172A5FDEA500CB755B /* FeaturedPlaylistsCollectionViewCell.swift in Sources */ = {isa = PBXBuildFile; fileRef = 3F668D162A5FDEA500CB755B /* FeaturedPlaylistsCollectionViewCell.swift */; };
		3F668D192A5FDEEE00CB755B /* RecommendedTrackCollectionViewCell.swift in Sources */ = {isa = PBXBuildFile; fileRef = 3F668D182A5FDEEE00CB755B /* RecommendedTrackCollectionViewCell.swift */; };
		3F668D1C2A5FE24300CB755B /* NewReleasesCellViewModel.swift in Sources */ = {isa = PBXBuildFile; fileRef = 3F668D1B2A5FE24300CB755B /* NewReleasesCellViewModel.swift */; };
		3F7BAAB02A6952BA000D53C4 /* PlayerControlsView.swift in Sources */ = {isa = PBXBuildFile; fileRef = 3F7BAAAF2A6952BA000D53C4 /* PlayerControlsView.swift */; };
		3F863E0D2A61847900BE7E94 /* FeaturedPlaylistsCellViewModel.swift in Sources */ = {isa = PBXBuildFile; fileRef = 3F863E0C2A61847900BE7E94 /* FeaturedPlaylistsCellViewModel.swift */; };
		3F863E0F2A6184B000BE7E94 /* RecommendedTrackCellViewModel.swift in Sources */ = {isa = PBXBuildFile; fileRef = 3F863E0E2A6184B000BE7E94 /* RecommendedTrackCellViewModel.swift */; };
		3F9B22642A6812AC007C345F /* CategoryCollectionViewCell.swift in Sources */ = {isa = PBXBuildFile; fileRef = 3F9B22632A6812AC007C345F /* CategoryCollectionViewCell.swift */; };
		3F9B22662A682A82007C345F /* AllCategoriesResponse.swift in Sources */ = {isa = PBXBuildFile; fileRef = 3F9B22652A682A82007C345F /* AllCategoriesResponse.swift */; };
		3F9B226E2A6832E2007C345F /* CategoryCollectionViewCellViewModel.swift in Sources */ = {isa = PBXBuildFile; fileRef = 3F9B226D2A6832E2007C345F /* CategoryCollectionViewCellViewModel.swift */; };
		3F9B22702A683687007C345F /* CategoryViewController.swift in Sources */ = {isa = PBXBuildFile; fileRef = 3F9B226F2A683687007C345F /* CategoryViewController.swift */; };
		3F9B22732A68C812007C345F /* PlayBackPresenter.swift in Sources */ = {isa = PBXBuildFile; fileRef = 3F9B22722A68C812007C345F /* PlayBackPresenter.swift */; };
		3F9B22752A68DAEF007C345F /* SearchResultResponse.swift in Sources */ = {isa = PBXBuildFile; fileRef = 3F9B22742A68DAEF007C345F /* SearchResultResponse.swift */; };
		3F9B22772A68E3DE007C345F /* SearchResult.swift in Sources */ = {isa = PBXBuildFile; fileRef = 3F9B22762A68E3DE007C345F /* SearchResult.swift */; };
		3F9B227A2A69134D007C345F /* SearchResultDefaultTableViewCell.swift in Sources */ = {isa = PBXBuildFile; fileRef = 3F9B22792A69134D007C345F /* SearchResultDefaultTableViewCell.swift */; };
		3F9B227C2A69171D007C345F /* SearchResultDefaultTableViewCellViewModel.swift in Sources */ = {isa = PBXBuildFile; fileRef = 3F9B227B2A69171D007C345F /* SearchResultDefaultTableViewCellViewModel.swift */; };
		3F9B227E2A691FAC007C345F /* SearchResultSubtitleTableViewCell.swift in Sources */ = {isa = PBXBuildFile; fileRef = 3F9B227D2A691FAC007C345F /* SearchResultSubtitleTableViewCell.swift */; };
		3F9B22802A69213F007C345F /* SearchResultSubtitleTableViewCellViewModel.swift in Sources */ = {isa = PBXBuildFile; fileRef = 3F9B227F2A69213F007C345F /* SearchResultSubtitleTableViewCellViewModel.swift */; };
		3FA3A9FE2A5948220068D585 /* NewReleaseResponse.swift in Sources */ = {isa = PBXBuildFile; fileRef = 3FA3A9FD2A5948220068D585 /* NewReleaseResponse.swift */; };
		3FB4D0F62A54020D006C19B8 /* HomeViewController.swift in Sources */ = {isa = PBXBuildFile; fileRef = 3FB4D0F52A54020D006C19B8 /* HomeViewController.swift */; };
		3FB8C6D92A6FEBD40049A03F /* LibraryPlaylistsResponse.swift in Sources */ = {isa = PBXBuildFile; fileRef = 3FB8C6D82A6FEBD40049A03F /* LibraryPlaylistsResponse.swift */; };
		3FB8C6DB2A6FEDE10049A03F /* ActionLabelView.swift in Sources */ = {isa = PBXBuildFile; fileRef = 3FB8C6DA2A6FEDE10049A03F /* ActionLabelView.swift */; };
		3FB8C6DD2A70BADB0049A03F /* LibraryAlbumsResponse.swift in Sources */ = {isa = PBXBuildFile; fileRef = 3FB8C6DC2A70BADB0049A03F /* LibraryAlbumsResponse.swift */; };
		3FC2AA572A557ABD00EE85F4 /* SettingModels.swift in Sources */ = {isa = PBXBuildFile; fileRef = 3FC2AA562A557ABC00EE85F4 /* SettingModels.swift */; };
		3FDBD3E42A64F2B000434F25 /* AlbumViewController.swift in Sources */ = {isa = PBXBuildFile; fileRef = 3FDBD3E32A64F2B000434F25 /* AlbumViewController.swift */; };
		3FDBD3E62A64F4C900434F25 /* RecommendedTrackViewController.swift in Sources */ = {isa = PBXBuildFile; fileRef = 3FDBD3E52A64F4C900434F25 /* RecommendedTrackViewController.swift */; };
		3FDBD3E82A64F75800434F25 /* AlbumDetailsRepsonse.swift in Sources */ = {isa = PBXBuildFile; fileRef = 3FDBD3E72A64F75800434F25 /* AlbumDetailsRepsonse.swift */; };
		3FDBD3EA2A64FFEC00434F25 /* PlaylistDetailsResponse.swift in Sources */ = {isa = PBXBuildFile; fileRef = 3FDBD3E92A64FFEC00434F25 /* PlaylistDetailsResponse.swift */; };
		3FDBD3EC2A650D2B00434F25 /* PlaylistHeaderCollectionReusableView.swift in Sources */ = {isa = PBXBuildFile; fileRef = 3FDBD3EB2A650D2B00434F25 /* PlaylistHeaderCollectionReusableView.swift */; };
		3FDBD3EE2A65129000434F25 /* PlaylistHeaderViewModel.swift in Sources */ = {isa = PBXBuildFile; fileRef = 3FDBD3ED2A65129000434F25 /* PlaylistHeaderViewModel.swift */; };
		3FDBD3F02A654D8700434F25 /* TitleHeaderCollectionReusableView.swift in Sources */ = {isa = PBXBuildFile; fileRef = 3FDBD3EF2A654D8700434F25 /* TitleHeaderCollectionReusableView.swift */; };
		3FDBD3F82A655D3F00434F25 /* AlbumTrackCollectionViewCell.swift in Sources */ = {isa = PBXBuildFile; fileRef = 3FDBD3F72A655D3F00434F25 /* AlbumTrackCollectionViewCell.swift */; };
		3FFDFE5E2A55A5B800FBBF7B /* Kingfisher in Frameworks */ = {isa = PBXBuildFile; productRef = 3FFDFE5D2A55A5B800FBBF7B /* Kingfisher */; };
/* End PBXBuildFile section */

/* Begin PBXContainerItemProxy section */
		3F6228332A4D2DCD0048B7F9 /* PBXContainerItemProxy */ = {
			isa = PBXContainerItemProxy;
			containerPortal = 3F6228142A4D2DCC0048B7F9 /* Project object */;
			proxyType = 1;
			remoteGlobalIDString = 3F62281B2A4D2DCC0048B7F9;
			remoteInfo = Spotify_App;
		};
		3F62283D2A4D2DCD0048B7F9 /* PBXContainerItemProxy */ = {
			isa = PBXContainerItemProxy;
			containerPortal = 3F6228142A4D2DCC0048B7F9 /* Project object */;
			proxyType = 1;
			remoteGlobalIDString = 3F62281B2A4D2DCC0048B7F9;
			remoteInfo = Spotify_App;
		};
/* End PBXContainerItemProxy section */

/* Begin PBXFileReference section */
		3F1D0BAF2A6F83B50012FA19 /* LibraryAlbumsViewController.swift */ = {isa = PBXFileReference; lastKnownFileType = sourcecode.swift; path = LibraryAlbumsViewController.swift; sourceTree = "<group>"; };
		3F1D0BB12A6F83F10012FA19 /* LibraryPlaylistsViewController.swift */ = {isa = PBXFileReference; lastKnownFileType = sourcecode.swift; path = LibraryPlaylistsViewController.swift; sourceTree = "<group>"; };
		3F1D0BB32A6FBCDF0012FA19 /* LibraryToggleView.swift */ = {isa = PBXFileReference; lastKnownFileType = sourcecode.swift; path = LibraryToggleView.swift; sourceTree = "<group>"; };
		3F3989D92A65697F00D6F2D2 /* AlbumCollectionViewCellViewModel.swift */ = {isa = PBXFileReference; lastKnownFileType = sourcecode.swift; path = AlbumCollectionViewCellViewModel.swift; sourceTree = "<group>"; };
		3F3EE6072A5D45F30059A82F /* APIImage.swift */ = {isa = PBXFileReference; lastKnownFileType = sourcecode.swift; path = APIImage.swift; sourceTree = "<group>"; };
		3F50F0182A4D6D4000C6AC7E /* AuthManager.swift */ = {isa = PBXFileReference; lastKnownFileType = sourcecode.swift; path = AuthManager.swift; sourceTree = "<group>"; };
		3F50F01A2A4D765900C6AC7E /* Extension.swift */ = {isa = PBXFileReference; lastKnownFileType = sourcecode.swift; path = Extension.swift; sourceTree = "<group>"; };
		3F50F01C2A4DA9D200C6AC7E /* AuthResponse.swift */ = {isa = PBXFileReference; lastKnownFileType = sourcecode.swift; path = AuthResponse.swift; sourceTree = "<group>"; };
		3F62281C2A4D2DCC0048B7F9 /* Spotify_App.app */ = {isa = PBXFileReference; explicitFileType = wrapper.application; includeInIndex = 0; path = Spotify_App.app; sourceTree = BUILT_PRODUCTS_DIR; };
		3F62281F2A4D2DCC0048B7F9 /* AppDelegate.swift */ = {isa = PBXFileReference; lastKnownFileType = sourcecode.swift; path = AppDelegate.swift; sourceTree = "<group>"; };
		3F6228212A4D2DCC0048B7F9 /* SceneDelegate.swift */ = {isa = PBXFileReference; lastKnownFileType = sourcecode.swift; path = SceneDelegate.swift; sourceTree = "<group>"; };
		3F6228282A4D2DCD0048B7F9 /* Assets.xcassets */ = {isa = PBXFileReference; lastKnownFileType = folder.assetcatalog; path = Assets.xcassets; sourceTree = "<group>"; };
		3F62282B2A4D2DCD0048B7F9 /* Base */ = {isa = PBXFileReference; lastKnownFileType = file.storyboard; name = Base; path = Base.lproj/LaunchScreen.storyboard; sourceTree = "<group>"; };
		3F62282D2A4D2DCD0048B7F9 /* Info.plist */ = {isa = PBXFileReference; lastKnownFileType = text.plist.xml; path = Info.plist; sourceTree = "<group>"; };
		3F6228322A4D2DCD0048B7F9 /* Spotify_AppTests.xctest */ = {isa = PBXFileReference; explicitFileType = wrapper.cfbundle; includeInIndex = 0; path = Spotify_AppTests.xctest; sourceTree = BUILT_PRODUCTS_DIR; };
		3F6228362A4D2DCD0048B7F9 /* Spotify_AppTests.swift */ = {isa = PBXFileReference; lastKnownFileType = sourcecode.swift; path = Spotify_AppTests.swift; sourceTree = "<group>"; };
		3F62283C2A4D2DCD0048B7F9 /* Spotify_AppUITests.xctest */ = {isa = PBXFileReference; explicitFileType = wrapper.cfbundle; includeInIndex = 0; path = Spotify_AppUITests.xctest; sourceTree = BUILT_PRODUCTS_DIR; };
		3F6228402A4D2DCD0048B7F9 /* Spotify_AppUITests.swift */ = {isa = PBXFileReference; lastKnownFileType = sourcecode.swift; path = Spotify_AppUITests.swift; sourceTree = "<group>"; };
		3F6228422A4D2DCD0048B7F9 /* Spotify_AppUITestsLaunchTests.swift */ = {isa = PBXFileReference; lastKnownFileType = sourcecode.swift; path = Spotify_AppUITestsLaunchTests.swift; sourceTree = "<group>"; };
		3F6228562A4D346A0048B7F9 /* TabBarViewController.swift */ = {isa = PBXFileReference; lastKnownFileType = sourcecode.swift; path = TabBarViewController.swift; sourceTree = "<group>"; };
		3F6228582A4D34A80048B7F9 /* SearchViewController.swift */ = {isa = PBXFileReference; lastKnownFileType = sourcecode.swift; path = SearchViewController.swift; sourceTree = "<group>"; };
		3F62285A2A4D34C20048B7F9 /* LibraryViewController.swift */ = {isa = PBXFileReference; lastKnownFileType = sourcecode.swift; path = LibraryViewController.swift; sourceTree = "<group>"; };
		3F62285F2A4D355F0048B7F9 /* AuthViewController.swift */ = {isa = PBXFileReference; lastKnownFileType = sourcecode.swift; path = AuthViewController.swift; sourceTree = "<group>"; };
		3F6228612A4D356D0048B7F9 /* WelcomeViewController.swift */ = {isa = PBXFileReference; lastKnownFileType = sourcecode.swift; path = WelcomeViewController.swift; sourceTree = "<group>"; };
		3F6228632A4D35930048B7F9 /* SettingViewController.swift */ = {isa = PBXFileReference; lastKnownFileType = sourcecode.swift; path = SettingViewController.swift; sourceTree = "<group>"; };
		3F6228652A4D359B0048B7F9 /* ProfileViewController.swift */ = {isa = PBXFileReference; lastKnownFileType = sourcecode.swift; path = ProfileViewController.swift; sourceTree = "<group>"; };
		3F6228672A4D35AB0048B7F9 /* PlayerViewController.swift */ = {isa = PBXFileReference; lastKnownFileType = sourcecode.swift; path = PlayerViewController.swift; sourceTree = "<group>"; };
		3F6228692A4D35B50048B7F9 /* PlaylistViewController.swift */ = {isa = PBXFileReference; lastKnownFileType = sourcecode.swift; path = PlaylistViewController.swift; sourceTree = "<group>"; };
		3F62286B2A4D35CB0048B7F9 /* SearchResultViewController.swift */ = {isa = PBXFileReference; lastKnownFileType = sourcecode.swift; path = SearchResultViewController.swift; sourceTree = "<group>"; };
		3F62286F2A4D36000048B7F9 /* APICaller.swift */ = {isa = PBXFileReference; lastKnownFileType = sourcecode.swift; path = APICaller.swift; sourceTree = "<group>"; };
		3F6228712A4D36140048B7F9 /* HapticManager.swift */ = {isa = PBXFileReference; lastKnownFileType = sourcecode.swift; path = HapticManager.swift; sourceTree = "<group>"; };
		3F6228732A4D36290048B7F9 /* Playlist.swift */ = {isa = PBXFileReference; lastKnownFileType = sourcecode.swift; path = Playlist.swift; sourceTree = "<group>"; };
		3F6228752A4D36350048B7F9 /* AudioTrack.swift */ = {isa = PBXFileReference; lastKnownFileType = sourcecode.swift; path = AudioTrack.swift; sourceTree = "<group>"; };
		3F6228772A4D363D0048B7F9 /* Artist.swift */ = {isa = PBXFileReference; lastKnownFileType = sourcecode.swift; path = Artist.swift; sourceTree = "<group>"; };
		3F6228792A4D364D0048B7F9 /* UserProfile.swift */ = {isa = PBXFileReference; lastKnownFileType = sourcecode.swift; path = UserProfile.swift; sourceTree = "<group>"; };
		3F64494D2A5D78F900E86A8F /* FeaturedPlaylistsResponse.swift */ = {isa = PBXFileReference; lastKnownFileType = sourcecode.swift; path = FeaturedPlaylistsResponse.swift; sourceTree = "<group>"; };
		3F64494F2A5D8A7400E86A8F /* RecommendedGenresResponse.swift */ = {isa = PBXFileReference; lastKnownFileType = sourcecode.swift; path = RecommendedGenresResponse.swift; sourceTree = "<group>"; };
		3F6449532A5D98B100E86A8F /* RecommendationsResponse.swift */ = {isa = PBXFileReference; lastKnownFileType = sourcecode.swift; path = RecommendationsResponse.swift; sourceTree = "<group>"; };
		3F668D142A5FDE8B00CB755B /* NewReleaseCollectionViewCell.swift */ = {isa = PBXFileReference; lastKnownFileType = sourcecode.swift; path = NewReleaseCollectionViewCell.swift; sourceTree = "<group>"; };
		3F668D162A5FDEA500CB755B /* FeaturedPlaylistsCollectionViewCell.swift */ = {isa = PBXFileReference; lastKnownFileType = sourcecode.swift; path = FeaturedPlaylistsCollectionViewCell.swift; sourceTree = "<group>"; };
		3F668D182A5FDEEE00CB755B /* RecommendedTrackCollectionViewCell.swift */ = {isa = PBXFileReference; lastKnownFileType = sourcecode.swift; path = RecommendedTrackCollectionViewCell.swift; sourceTree = "<group>"; };
		3F668D1B2A5FE24300CB755B /* NewReleasesCellViewModel.swift */ = {isa = PBXFileReference; lastKnownFileType = sourcecode.swift; path = NewReleasesCellViewModel.swift; sourceTree = "<group>"; };
		3F7BAAAF2A6952BA000D53C4 /* PlayerControlsView.swift */ = {isa = PBXFileReference; lastKnownFileType = sourcecode.swift; path = PlayerControlsView.swift; sourceTree = "<group>"; };
		3F863E0C2A61847900BE7E94 /* FeaturedPlaylistsCellViewModel.swift */ = {isa = PBXFileReference; lastKnownFileType = sourcecode.swift; path = FeaturedPlaylistsCellViewModel.swift; sourceTree = "<group>"; };
		3F863E0E2A6184B000BE7E94 /* RecommendedTrackCellViewModel.swift */ = {isa = PBXFileReference; lastKnownFileType = sourcecode.swift; path = RecommendedTrackCellViewModel.swift; sourceTree = "<group>"; };
		3F9B22632A6812AC007C345F /* CategoryCollectionViewCell.swift */ = {isa = PBXFileReference; lastKnownFileType = sourcecode.swift; path = CategoryCollectionViewCell.swift; sourceTree = "<group>"; };
		3F9B22652A682A82007C345F /* AllCategoriesResponse.swift */ = {isa = PBXFileReference; lastKnownFileType = sourcecode.swift; path = AllCategoriesResponse.swift; sourceTree = "<group>"; };
		3F9B226D2A6832E2007C345F /* CategoryCollectionViewCellViewModel.swift */ = {isa = PBXFileReference; lastKnownFileType = sourcecode.swift; path = CategoryCollectionViewCellViewModel.swift; sourceTree = "<group>"; };
		3F9B226F2A683687007C345F /* CategoryViewController.swift */ = {isa = PBXFileReference; lastKnownFileType = sourcecode.swift; path = CategoryViewController.swift; sourceTree = "<group>"; };
		3F9B22722A68C812007C345F /* PlayBackPresenter.swift */ = {isa = PBXFileReference; lastKnownFileType = sourcecode.swift; path = PlayBackPresenter.swift; sourceTree = "<group>"; };
		3F9B22742A68DAEF007C345F /* SearchResultResponse.swift */ = {isa = PBXFileReference; lastKnownFileType = sourcecode.swift; path = SearchResultResponse.swift; sourceTree = "<group>"; };
		3F9B22762A68E3DE007C345F /* SearchResult.swift */ = {isa = PBXFileReference; lastKnownFileType = sourcecode.swift; path = SearchResult.swift; sourceTree = "<group>"; };
		3F9B22792A69134D007C345F /* SearchResultDefaultTableViewCell.swift */ = {isa = PBXFileReference; lastKnownFileType = sourcecode.swift; path = SearchResultDefaultTableViewCell.swift; sourceTree = "<group>"; };
		3F9B227B2A69171D007C345F /* SearchResultDefaultTableViewCellViewModel.swift */ = {isa = PBXFileReference; lastKnownFileType = sourcecode.swift; path = SearchResultDefaultTableViewCellViewModel.swift; sourceTree = "<group>"; };
		3F9B227D2A691FAC007C345F /* SearchResultSubtitleTableViewCell.swift */ = {isa = PBXFileReference; lastKnownFileType = sourcecode.swift; path = SearchResultSubtitleTableViewCell.swift; sourceTree = "<group>"; };
		3F9B227F2A69213F007C345F /* SearchResultSubtitleTableViewCellViewModel.swift */ = {isa = PBXFileReference; lastKnownFileType = sourcecode.swift; path = SearchResultSubtitleTableViewCellViewModel.swift; sourceTree = "<group>"; };
		3FA3A9FD2A5948220068D585 /* NewReleaseResponse.swift */ = {isa = PBXFileReference; lastKnownFileType = sourcecode.swift; path = NewReleaseResponse.swift; sourceTree = "<group>"; };
		3FB4D0F52A54020D006C19B8 /* HomeViewController.swift */ = {isa = PBXFileReference; lastKnownFileType = sourcecode.swift; path = HomeViewController.swift; sourceTree = "<group>"; };
		3FB8C6D82A6FEBD40049A03F /* LibraryPlaylistsResponse.swift */ = {isa = PBXFileReference; lastKnownFileType = sourcecode.swift; path = LibraryPlaylistsResponse.swift; sourceTree = "<group>"; };
		3FB8C6DA2A6FEDE10049A03F /* ActionLabelView.swift */ = {isa = PBXFileReference; lastKnownFileType = sourcecode.swift; path = ActionLabelView.swift; sourceTree = "<group>"; };
		3FB8C6DC2A70BADB0049A03F /* LibraryAlbumsResponse.swift */ = {isa = PBXFileReference; lastKnownFileType = sourcecode.swift; path = LibraryAlbumsResponse.swift; sourceTree = "<group>"; };
		3FB8C6DE2A71330C0049A03F /* AppConfig.xcconfig */ = {isa = PBXFileReference; lastKnownFileType = text.xcconfig; path = AppConfig.xcconfig; sourceTree = "<group>"; };
		3FC2AA562A557ABC00EE85F4 /* SettingModels.swift */ = {isa = PBXFileReference; lastKnownFileType = sourcecode.swift; path = SettingModels.swift; sourceTree = "<group>"; };
		3FDBD3E32A64F2B000434F25 /* AlbumViewController.swift */ = {isa = PBXFileReference; lastKnownFileType = sourcecode.swift; path = AlbumViewController.swift; sourceTree = "<group>"; };
		3FDBD3E52A64F4C900434F25 /* RecommendedTrackViewController.swift */ = {isa = PBXFileReference; lastKnownFileType = sourcecode.swift; path = RecommendedTrackViewController.swift; sourceTree = "<group>"; };
		3FDBD3E72A64F75800434F25 /* AlbumDetailsRepsonse.swift */ = {isa = PBXFileReference; lastKnownFileType = sourcecode.swift; path = AlbumDetailsRepsonse.swift; sourceTree = "<group>"; };
		3FDBD3E92A64FFEC00434F25 /* PlaylistDetailsResponse.swift */ = {isa = PBXFileReference; lastKnownFileType = sourcecode.swift; path = PlaylistDetailsResponse.swift; sourceTree = "<group>"; };
		3FDBD3EB2A650D2B00434F25 /* PlaylistHeaderCollectionReusableView.swift */ = {isa = PBXFileReference; lastKnownFileType = sourcecode.swift; path = PlaylistHeaderCollectionReusableView.swift; sourceTree = "<group>"; };
		3FDBD3ED2A65129000434F25 /* PlaylistHeaderViewModel.swift */ = {isa = PBXFileReference; lastKnownFileType = sourcecode.swift; path = PlaylistHeaderViewModel.swift; sourceTree = "<group>"; };
		3FDBD3EF2A654D8700434F25 /* TitleHeaderCollectionReusableView.swift */ = {isa = PBXFileReference; lastKnownFileType = sourcecode.swift; path = TitleHeaderCollectionReusableView.swift; sourceTree = "<group>"; };
		3FDBD3F72A655D3F00434F25 /* AlbumTrackCollectionViewCell.swift */ = {isa = PBXFileReference; lastKnownFileType = sourcecode.swift; path = AlbumTrackCollectionViewCell.swift; sourceTree = "<group>"; };
/* End PBXFileReference section */

/* Begin PBXFrameworksBuildPhase section */
		3F6228192A4D2DCC0048B7F9 /* Frameworks */ = {
			isa = PBXFrameworksBuildPhase;
			buildActionMask = 2147483647;
			files = (
				3FFDFE5E2A55A5B800FBBF7B /* Kingfisher in Frameworks */,
			);
			runOnlyForDeploymentPostprocessing = 0;
		};
		3F62282F2A4D2DCD0048B7F9 /* Frameworks */ = {
			isa = PBXFrameworksBuildPhase;
			buildActionMask = 2147483647;
			files = (
			);
			runOnlyForDeploymentPostprocessing = 0;
		};
		3F6228392A4D2DCD0048B7F9 /* Frameworks */ = {
			isa = PBXFrameworksBuildPhase;
			buildActionMask = 2147483647;
			files = (
			);
			runOnlyForDeploymentPostprocessing = 0;
		};
/* End PBXFrameworksBuildPhase section */

/* Begin PBXGroup section */
		3F1D0BAC2A6F83810012FA19 /* Library */ = {
			isa = PBXGroup;
			children = (
				3F1D0BB12A6F83F10012FA19 /* LibraryPlaylistsViewController.swift */,
				3F1D0BAF2A6F83B50012FA19 /* LibraryAlbumsViewController.swift */,
			);
			path = Library;
			sourceTree = "<group>";
		};
		3F1D0BB52A6FBCF30012FA19 /* Library */ = {
			isa = PBXGroup;
			children = (
				3F1D0BB32A6FBCDF0012FA19 /* LibraryToggleView.swift */,
				3FB8C6DA2A6FEDE10049A03F /* ActionLabelView.swift */,
			);
			path = Library;
			sourceTree = "<group>";
		};
		3F6228132A4D2DCC0048B7F9 = {
			isa = PBXGroup;
			children = (
				3FB8C6DE2A71330C0049A03F /* AppConfig.xcconfig */,
				3F62281E2A4D2DCC0048B7F9 /* Spotify_App */,
				3F6228352A4D2DCD0048B7F9 /* Spotify_AppTests */,
				3F62283F2A4D2DCD0048B7F9 /* Spotify_AppUITests */,
				3F62281D2A4D2DCC0048B7F9 /* Products */,
			);
			sourceTree = "<group>";
		};
		3F62281D2A4D2DCC0048B7F9 /* Products */ = {
			isa = PBXGroup;
			children = (
				3F62281C2A4D2DCC0048B7F9 /* Spotify_App.app */,
				3F6228322A4D2DCD0048B7F9 /* Spotify_AppTests.xctest */,
				3F62283C2A4D2DCD0048B7F9 /* Spotify_AppUITests.xctest */,
			);
			name = Products;
			sourceTree = "<group>";
		};
		3F62281E2A4D2DCC0048B7F9 /* Spotify_App */ = {
			isa = PBXGroup;
			children = (
				3F9B22712A68C7FF007C345F /* Presenter */,
				3F6228552A4D30EF0048B7F9 /* Resources */,
				3F6228502A4D30C50048B7F9 /* Managers */,
				3F6228522A4D30D70048B7F9 /* Models */,
				3F6228532A4D30DC0048B7F9 /* View */,
				3F668D1A2A5FE22300CB755B /* ViewModels */,
				3F6228542A4D30E00048B7F9 /* Controllers */,
				3F62282D2A4D2DCD0048B7F9 /* Info.plist */,
			);
			path = Spotify_App;
			sourceTree = "<group>";
		};
		3F6228352A4D2DCD0048B7F9 /* Spotify_AppTests */ = {
			isa = PBXGroup;
			children = (
				3F6228362A4D2DCD0048B7F9 /* Spotify_AppTests.swift */,
			);
			path = Spotify_AppTests;
			sourceTree = "<group>";
		};
		3F62283F2A4D2DCD0048B7F9 /* Spotify_AppUITests */ = {
			isa = PBXGroup;
			children = (
				3F6228402A4D2DCD0048B7F9 /* Spotify_AppUITests.swift */,
				3F6228422A4D2DCD0048B7F9 /* Spotify_AppUITestsLaunchTests.swift */,
			);
			path = Spotify_AppUITests;
			sourceTree = "<group>";
		};
		3F6228502A4D30C50048B7F9 /* Managers */ = {
			isa = PBXGroup;
			children = (
				3F50F0182A4D6D4000C6AC7E /* AuthManager.swift */,
				3F62286F2A4D36000048B7F9 /* APICaller.swift */,
				3F6228712A4D36140048B7F9 /* HapticManager.swift */,
			);
			path = Managers;
			sourceTree = "<group>";
		};
		3F6228522A4D30D70048B7F9 /* Models */ = {
			isa = PBXGroup;
			children = (
				3F9B22672A682AC0007C345F /* Auth */,
				3F9B22682A682AC8007C345F /* User */,
				3F9B22692A682ADF007C345F /* Common */,
				3FA3A9FD2A5948220068D585 /* NewReleaseResponse.swift */,
				3F64494D2A5D78F900E86A8F /* FeaturedPlaylistsResponse.swift */,
				3FDBD3E72A64F75800434F25 /* AlbumDetailsRepsonse.swift */,
				3FDBD3E92A64FFEC00434F25 /* PlaylistDetailsResponse.swift */,
				3F64494F2A5D8A7400E86A8F /* RecommendedGenresResponse.swift */,
				3F6449532A5D98B100E86A8F /* RecommendationsResponse.swift */,
				3F9B22652A682A82007C345F /* AllCategoriesResponse.swift */,
				3F9B22762A68E3DE007C345F /* SearchResult.swift */,
				3F9B22742A68DAEF007C345F /* SearchResultResponse.swift */,
				3FB8C6D82A6FEBD40049A03F /* LibraryPlaylistsResponse.swift */,
				3FB8C6DC2A70BADB0049A03F /* LibraryAlbumsResponse.swift */,
			);
			path = Models;
			sourceTree = "<group>";
		};
		3F6228532A4D30DC0048B7F9 /* View */ = {
			isa = PBXGroup;
			children = (
				3F668D132A5FDE6F00CB755B /* Home */,
				3F9B226A2A682B25007C345F /* Search */,
				3F7BAAAE2A69527E000D53C4 /* Player */,
				3F1D0BB52A6FBCF30012FA19 /* Library */,
				3F62282A2A4D2DCD0048B7F9 /* LaunchScreen.storyboard */,
			);
			path = View;
			sourceTree = "<group>";
		};
		3F6228542A4D30E00048B7F9 /* Controllers */ = {
			isa = PBXGroup;
			children = (
				3F62285D2A4D353E0048B7F9 /* Core */,
				3F62285E2A4D35490048B7F9 /* Others */,
			);
			path = Controllers;
			sourceTree = "<group>";
		};
		3F6228552A4D30EF0048B7F9 /* Resources */ = {
			isa = PBXGroup;
			children = (
				3F62281F2A4D2DCC0048B7F9 /* AppDelegate.swift */,
				3F6228212A4D2DCC0048B7F9 /* SceneDelegate.swift */,
				3F50F01A2A4D765900C6AC7E /* Extension.swift */,
				3F6228282A4D2DCD0048B7F9 /* Assets.xcassets */,
			);
			path = Resources;
			sourceTree = "<group>";
		};
		3F62285D2A4D353E0048B7F9 /* Core */ = {
			isa = PBXGroup;
			children = (
				3F6228562A4D346A0048B7F9 /* TabBarViewController.swift */,
				3FB4D0F52A54020D006C19B8 /* HomeViewController.swift */,
				3F6228582A4D34A80048B7F9 /* SearchViewController.swift */,
				3F62285A2A4D34C20048B7F9 /* LibraryViewController.swift */,
			);
			path = Core;
			sourceTree = "<group>";
		};
		3F62285E2A4D35490048B7F9 /* Others */ = {
			isa = PBXGroup;
			children = (
				3F1D0BAC2A6F83810012FA19 /* Library */,
				3F62285F2A4D355F0048B7F9 /* AuthViewController.swift */,
				3F6228612A4D356D0048B7F9 /* WelcomeViewController.swift */,
				3F6228652A4D359B0048B7F9 /* ProfileViewController.swift */,
				3F6228672A4D35AB0048B7F9 /* PlayerViewController.swift */,
				3FDBD3E32A64F2B000434F25 /* AlbumViewController.swift */,
				3F6228692A4D35B50048B7F9 /* PlaylistViewController.swift */,
				3FDBD3E52A64F4C900434F25 /* RecommendedTrackViewController.swift */,
				3F62286B2A4D35CB0048B7F9 /* SearchResultViewController.swift */,
				3F9B226F2A683687007C345F /* CategoryViewController.swift */,
				3F6228632A4D35930048B7F9 /* SettingViewController.swift */,
			);
			path = Others;
			sourceTree = "<group>";
		};
		3F668D132A5FDE6F00CB755B /* Home */ = {
			isa = PBXGroup;
			children = (
				3FDBD3F32A655CBA00434F25 /* HomeViewCells */,
				3FDBD3F42A655CD100434F25 /* HomeViewDetailCell */,
			);
			path = Home;
			sourceTree = "<group>";
		};
		3F668D1A2A5FE22300CB755B /* ViewModels */ = {
			isa = PBXGroup;
			children = (
				3F9B226B2A682B90007C345F /* Home */,
				3F9B226C2A682BA1007C345F /* Search */,
			);
			path = ViewModels;
			sourceTree = "<group>";
		};
		3F7BAAAE2A69527E000D53C4 /* Player */ = {
			isa = PBXGroup;
			children = (
				3F7BAAAF2A6952BA000D53C4 /* PlayerControlsView.swift */,
			);
			path = Player;
			sourceTree = "<group>";
		};
		3F9B22672A682AC0007C345F /* Auth */ = {
			isa = PBXGroup;
			children = (
				3F50F01C2A4DA9D200C6AC7E /* AuthResponse.swift */,
			);
			path = Auth;
			sourceTree = "<group>";
		};
		3F9B22682A682AC8007C345F /* User */ = {
			isa = PBXGroup;
			children = (
				3F6228792A4D364D0048B7F9 /* UserProfile.swift */,
			);
			path = User;
			sourceTree = "<group>";
		};
		3F9B22692A682ADF007C345F /* Common */ = {
			isa = PBXGroup;
			children = (
				3F6228732A4D36290048B7F9 /* Playlist.swift */,
				3F6228752A4D36350048B7F9 /* AudioTrack.swift */,
				3F6228772A4D363D0048B7F9 /* Artist.swift */,
				3F3EE6072A5D45F30059A82F /* APIImage.swift */,
				3FC2AA562A557ABC00EE85F4 /* SettingModels.swift */,
			);
			path = Common;
			sourceTree = "<group>";
		};
		3F9B226A2A682B25007C345F /* Search */ = {
			isa = PBXGroup;
			children = (
				3F9B22782A691328007C345F /* SearchResultsCells */,
				3F9B22632A6812AC007C345F /* CategoryCollectionViewCell.swift */,
			);
			path = Search;
			sourceTree = "<group>";
		};
		3F9B226B2A682B90007C345F /* Home */ = {
			isa = PBXGroup;
			children = (
				3F668D1B2A5FE24300CB755B /* NewReleasesCellViewModel.swift */,
				3F863E0C2A61847900BE7E94 /* FeaturedPlaylistsCellViewModel.swift */,
				3F863E0E2A6184B000BE7E94 /* RecommendedTrackCellViewModel.swift */,
				3F3989D92A65697F00D6F2D2 /* AlbumCollectionViewCellViewModel.swift */,
				3FDBD3ED2A65129000434F25 /* PlaylistHeaderViewModel.swift */,
			);
			path = Home;
			sourceTree = "<group>";
		};
		3F9B226C2A682BA1007C345F /* Search */ = {
			isa = PBXGroup;
			children = (
				3F9B226D2A6832E2007C345F /* CategoryCollectionViewCellViewModel.swift */,
				3F9B227B2A69171D007C345F /* SearchResultDefaultTableViewCellViewModel.swift */,
				3F9B227F2A69213F007C345F /* SearchResultSubtitleTableViewCellViewModel.swift */,
			);
			path = Search;
			sourceTree = "<group>";
		};
		3F9B22712A68C7FF007C345F /* Presenter */ = {
			isa = PBXGroup;
			children = (
				3F9B22722A68C812007C345F /* PlayBackPresenter.swift */,
			);
			path = Presenter;
			sourceTree = "<group>";
		};
		3F9B22782A691328007C345F /* SearchResultsCells */ = {
			isa = PBXGroup;
			children = (
				3F9B22792A69134D007C345F /* SearchResultDefaultTableViewCell.swift */,
				3F9B227D2A691FAC007C345F /* SearchResultSubtitleTableViewCell.swift */,
			);
			path = SearchResultsCells;
			sourceTree = "<group>";
		};
		3FDBD3F32A655CBA00434F25 /* HomeViewCells */ = {
			isa = PBXGroup;
			children = (
				3F668D142A5FDE8B00CB755B /* NewReleaseCollectionViewCell.swift */,
				3F668D162A5FDEA500CB755B /* FeaturedPlaylistsCollectionViewCell.swift */,
				3F668D182A5FDEEE00CB755B /* RecommendedTrackCollectionViewCell.swift */,
			);
			path = HomeViewCells;
			sourceTree = "<group>";
		};
		3FDBD3F42A655CD100434F25 /* HomeViewDetailCell */ = {
			isa = PBXGroup;
			children = (
				3FDBD3F72A655D3F00434F25 /* AlbumTrackCollectionViewCell.swift */,
				3FDBD3EB2A650D2B00434F25 /* PlaylistHeaderCollectionReusableView.swift */,
				3FDBD3EF2A654D8700434F25 /* TitleHeaderCollectionReusableView.swift */,
			);
			path = HomeViewDetailCell;
			sourceTree = "<group>";
		};
/* End PBXGroup section */

/* Begin PBXNativeTarget section */
		3F62281B2A4D2DCC0048B7F9 /* Spotify_App */ = {
			isa = PBXNativeTarget;
			buildConfigurationList = 3F6228462A4D2DCD0048B7F9 /* Build configuration list for PBXNativeTarget "Spotify_App" */;
			buildPhases = (
				3F6228182A4D2DCC0048B7F9 /* Sources */,
				3F6228192A4D2DCC0048B7F9 /* Frameworks */,
				3F62281A2A4D2DCC0048B7F9 /* Resources */,
			);
			buildRules = (
			);
			dependencies = (
			);
			name = Spotify_App;
			packageProductDependencies = (
				3FFDFE5D2A55A5B800FBBF7B /* Kingfisher */,
			);
			productName = Spotify_App;
			productReference = 3F62281C2A4D2DCC0048B7F9 /* Spotify_App.app */;
			productType = "com.apple.product-type.application";
		};
		3F6228312A4D2DCD0048B7F9 /* Spotify_AppTests */ = {
			isa = PBXNativeTarget;
			buildConfigurationList = 3F6228492A4D2DCD0048B7F9 /* Build configuration list for PBXNativeTarget "Spotify_AppTests" */;
			buildPhases = (
				3F62282E2A4D2DCD0048B7F9 /* Sources */,
				3F62282F2A4D2DCD0048B7F9 /* Frameworks */,
				3F6228302A4D2DCD0048B7F9 /* Resources */,
			);
			buildRules = (
			);
			dependencies = (
				3F6228342A4D2DCD0048B7F9 /* PBXTargetDependency */,
			);
			name = Spotify_AppTests;
			productName = Spotify_AppTests;
			productReference = 3F6228322A4D2DCD0048B7F9 /* Spotify_AppTests.xctest */;
			productType = "com.apple.product-type.bundle.unit-test";
		};
		3F62283B2A4D2DCD0048B7F9 /* Spotify_AppUITests */ = {
			isa = PBXNativeTarget;
			buildConfigurationList = 3F62284C2A4D2DCD0048B7F9 /* Build configuration list for PBXNativeTarget "Spotify_AppUITests" */;
			buildPhases = (
				3F6228382A4D2DCD0048B7F9 /* Sources */,
				3F6228392A4D2DCD0048B7F9 /* Frameworks */,
				3F62283A2A4D2DCD0048B7F9 /* Resources */,
			);
			buildRules = (
			);
			dependencies = (
				3F62283E2A4D2DCD0048B7F9 /* PBXTargetDependency */,
			);
			name = Spotify_AppUITests;
			productName = Spotify_AppUITests;
			productReference = 3F62283C2A4D2DCD0048B7F9 /* Spotify_AppUITests.xctest */;
			productType = "com.apple.product-type.bundle.ui-testing";
		};
/* End PBXNativeTarget section */

/* Begin PBXProject section */
		3F6228142A4D2DCC0048B7F9 /* Project object */ = {
			isa = PBXProject;
			attributes = {
				BuildIndependentTargetsInParallel = 1;
				LastSwiftUpdateCheck = 1430;
				LastUpgradeCheck = 1430;
				TargetAttributes = {
					3F62281B2A4D2DCC0048B7F9 = {
						CreatedOnToolsVersion = 14.3.1;
					};
					3F6228312A4D2DCD0048B7F9 = {
						CreatedOnToolsVersion = 14.3.1;
						TestTargetID = 3F62281B2A4D2DCC0048B7F9;
					};
					3F62283B2A4D2DCD0048B7F9 = {
						CreatedOnToolsVersion = 14.3.1;
						TestTargetID = 3F62281B2A4D2DCC0048B7F9;
					};
				};
			};
			buildConfigurationList = 3F6228172A4D2DCC0048B7F9 /* Build configuration list for PBXProject "Spotify_App" */;
			compatibilityVersion = "Xcode 14.0";
			developmentRegion = en;
			hasScannedForEncodings = 0;
			knownRegions = (
				en,
				Base,
			);
			mainGroup = 3F6228132A4D2DCC0048B7F9;
			packageReferences = (
				3FFDFE5C2A55A5B800FBBF7B /* XCRemoteSwiftPackageReference "Kingfisher" */,
			);
			productRefGroup = 3F62281D2A4D2DCC0048B7F9 /* Products */;
			projectDirPath = "";
			projectRoot = "";
			targets = (
				3F62281B2A4D2DCC0048B7F9 /* Spotify_App */,
				3F6228312A4D2DCD0048B7F9 /* Spotify_AppTests */,
				3F62283B2A4D2DCD0048B7F9 /* Spotify_AppUITests */,
			);
		};
/* End PBXProject section */

/* Begin PBXResourcesBuildPhase section */
		3F62281A2A4D2DCC0048B7F9 /* Resources */ = {
			isa = PBXResourcesBuildPhase;
			buildActionMask = 2147483647;
			files = (
				3F62282C2A4D2DCD0048B7F9 /* LaunchScreen.storyboard in Resources */,
				3F6228292A4D2DCD0048B7F9 /* Assets.xcassets in Resources */,
			);
			runOnlyForDeploymentPostprocessing = 0;
		};
		3F6228302A4D2DCD0048B7F9 /* Resources */ = {
			isa = PBXResourcesBuildPhase;
			buildActionMask = 2147483647;
			files = (
			);
			runOnlyForDeploymentPostprocessing = 0;
		};
		3F62283A2A4D2DCD0048B7F9 /* Resources */ = {
			isa = PBXResourcesBuildPhase;
			buildActionMask = 2147483647;
			files = (
			);
			runOnlyForDeploymentPostprocessing = 0;
		};
/* End PBXResourcesBuildPhase section */

/* Begin PBXSourcesBuildPhase section */
		3F6228182A4D2DCC0048B7F9 /* Sources */ = {
			isa = PBXSourcesBuildPhase;
			buildActionMask = 2147483647;
			files = (
				3F6228592A4D34A80048B7F9 /* SearchViewController.swift in Sources */,
				3F9B226E2A6832E2007C345F /* CategoryCollectionViewCellViewModel.swift in Sources */,
				3F6228742A4D36290048B7F9 /* Playlist.swift in Sources */,
				3F6228622A4D356D0048B7F9 /* WelcomeViewController.swift in Sources */,
				3F668D1C2A5FE24300CB755B /* NewReleasesCellViewModel.swift in Sources */,
				3F9B227A2A69134D007C345F /* SearchResultDefaultTableViewCell.swift in Sources */,
				3F863E0F2A6184B000BE7E94 /* RecommendedTrackCellViewModel.swift in Sources */,
				3F1D0BB02A6F83B50012FA19 /* LibraryAlbumsViewController.swift in Sources */,
				3F6228722A4D36140048B7F9 /* HapticManager.swift in Sources */,
				3FB8C6DB2A6FEDE10049A03F /* ActionLabelView.swift in Sources */,
				3FDBD3E42A64F2B000434F25 /* AlbumViewController.swift in Sources */,
				3F6228662A4D359B0048B7F9 /* ProfileViewController.swift in Sources */,
				3F6228572A4D346A0048B7F9 /* TabBarViewController.swift in Sources */,
				3F6228602A4D355F0048B7F9 /* AuthViewController.swift in Sources */,
				3FB4D0F62A54020D006C19B8 /* HomeViewController.swift in Sources */,
				3F9B22772A68E3DE007C345F /* SearchResult.swift in Sources */,
				3F9B227E2A691FAC007C345F /* SearchResultSubtitleTableViewCell.swift in Sources */,
				3F668D192A5FDEEE00CB755B /* RecommendedTrackCollectionViewCell.swift in Sources */,
				3F7BAAB02A6952BA000D53C4 /* PlayerControlsView.swift in Sources */,
				3F50F01D2A4DA9D200C6AC7E /* AuthResponse.swift in Sources */,
				3F3989DA2A65697F00D6F2D2 /* AlbumCollectionViewCellViewModel.swift in Sources */,
				3F6228762A4D36350048B7F9 /* AudioTrack.swift in Sources */,
				3F3EE6082A5D45F30059A82F /* APIImage.swift in Sources */,
				3F9B22732A68C812007C345F /* PlayBackPresenter.swift in Sources */,
				3FDBD3EA2A64FFEC00434F25 /* PlaylistDetailsResponse.swift in Sources */,
				3F6449542A5D98B100E86A8F /* RecommendationsResponse.swift in Sources */,
				3F50F01B2A4D765900C6AC7E /* Extension.swift in Sources */,
				3FDBD3F02A654D8700434F25 /* TitleHeaderCollectionReusableView.swift in Sources */,
				3F863E0D2A61847900BE7E94 /* FeaturedPlaylistsCellViewModel.swift in Sources */,
				3FC2AA572A557ABD00EE85F4 /* SettingModels.swift in Sources */,
				3F668D152A5FDE8B00CB755B /* NewReleaseCollectionViewCell.swift in Sources */,
				3FB8C6DD2A70BADB0049A03F /* LibraryAlbumsResponse.swift in Sources */,
				3F50F0192A4D6D4000C6AC7E /* AuthManager.swift in Sources */,
				3F9B22642A6812AC007C345F /* CategoryCollectionViewCell.swift in Sources */,
				3F9B22752A68DAEF007C345F /* SearchResultResponse.swift in Sources */,
				3F6228642A4D35930048B7F9 /* SettingViewController.swift in Sources */,
				3FDBD3EC2A650D2B00434F25 /* PlaylistHeaderCollectionReusableView.swift in Sources */,
				3F6228202A4D2DCC0048B7F9 /* AppDelegate.swift in Sources */,
				3F1D0BB42A6FBCDF0012FA19 /* LibraryToggleView.swift in Sources */,
				3F62286A2A4D35B50048B7F9 /* PlaylistViewController.swift in Sources */,
				3F62287A2A4D364D0048B7F9 /* UserProfile.swift in Sources */,
				3F62285B2A4D34C20048B7F9 /* LibraryViewController.swift in Sources */,
				3FDBD3E62A64F4C900434F25 /* RecommendedTrackViewController.swift in Sources */,
				3F6228782A4D363D0048B7F9 /* Artist.swift in Sources */,
				3F9B22802A69213F007C345F /* SearchResultSubtitleTableViewCellViewModel.swift in Sources */,
				3F9B22662A682A82007C345F /* AllCategoriesResponse.swift in Sources */,
				3F9B227C2A69171D007C345F /* SearchResultDefaultTableViewCellViewModel.swift in Sources */,
				3F6228682A4D35AB0048B7F9 /* PlayerViewController.swift in Sources */,
				3FDBD3EE2A65129000434F25 /* PlaylistHeaderViewModel.swift in Sources */,
				3F62286C2A4D35CB0048B7F9 /* SearchResultViewController.swift in Sources */,
				3FDBD3F82A655D3F00434F25 /* AlbumTrackCollectionViewCell.swift in Sources */,
				3F668D172A5FDEA500CB755B /* FeaturedPlaylistsCollectionViewCell.swift in Sources */,
				3FA3A9FE2A5948220068D585 /* NewReleaseResponse.swift in Sources */,
				3F1D0BB22A6F83F10012FA19 /* LibraryPlaylistsViewController.swift in Sources */,
				3FDBD3E82A64F75800434F25 /* AlbumDetailsRepsonse.swift in Sources */,
				3F6228702A4D36000048B7F9 /* APICaller.swift in Sources */,
				3F9B22702A683687007C345F /* CategoryViewController.swift in Sources */,
				3FB8C6D92A6FEBD40049A03F /* LibraryPlaylistsResponse.swift in Sources */,
				3F64494E2A5D78F900E86A8F /* FeaturedPlaylistsResponse.swift in Sources */,
				3F6228222A4D2DCC0048B7F9 /* SceneDelegate.swift in Sources */,
				3F6449502A5D8A7400E86A8F /* RecommendedGenresResponse.swift in Sources */,
			);
			runOnlyForDeploymentPostprocessing = 0;
		};
		3F62282E2A4D2DCD0048B7F9 /* Sources */ = {
			isa = PBXSourcesBuildPhase;
			buildActionMask = 2147483647;
			files = (
				3F6228372A4D2DCD0048B7F9 /* Spotify_AppTests.swift in Sources */,
			);
			runOnlyForDeploymentPostprocessing = 0;
		};
		3F6228382A4D2DCD0048B7F9 /* Sources */ = {
			isa = PBXSourcesBuildPhase;
			buildActionMask = 2147483647;
			files = (
				3F6228412A4D2DCD0048B7F9 /* Spotify_AppUITests.swift in Sources */,
				3F6228432A4D2DCD0048B7F9 /* Spotify_AppUITestsLaunchTests.swift in Sources */,
			);
			runOnlyForDeploymentPostprocessing = 0;
		};
/* End PBXSourcesBuildPhase section */

/* Begin PBXTargetDependency section */
		3F6228342A4D2DCD0048B7F9 /* PBXTargetDependency */ = {
			isa = PBXTargetDependency;
			target = 3F62281B2A4D2DCC0048B7F9 /* Spotify_App */;
			targetProxy = 3F6228332A4D2DCD0048B7F9 /* PBXContainerItemProxy */;
		};
		3F62283E2A4D2DCD0048B7F9 /* PBXTargetDependency */ = {
			isa = PBXTargetDependency;
			target = 3F62281B2A4D2DCC0048B7F9 /* Spotify_App */;
			targetProxy = 3F62283D2A4D2DCD0048B7F9 /* PBXContainerItemProxy */;
		};
/* End PBXTargetDependency section */

/* Begin PBXVariantGroup section */
		3F62282A2A4D2DCD0048B7F9 /* LaunchScreen.storyboard */ = {
			isa = PBXVariantGroup;
			children = (
				3F62282B2A4D2DCD0048B7F9 /* Base */,
			);
			name = LaunchScreen.storyboard;
			sourceTree = "<group>";
		};
/* End PBXVariantGroup section */

/* Begin XCBuildConfiguration section */
		3F6228442A4D2DCD0048B7F9 /* Debug */ = {
			isa = XCBuildConfiguration;
			buildSettings = {
				ALWAYS_SEARCH_USER_PATHS = NO;
				CLANG_ANALYZER_NONNULL = YES;
				CLANG_ANALYZER_NUMBER_OBJECT_CONVERSION = YES_AGGRESSIVE;
				CLANG_CXX_LANGUAGE_STANDARD = "gnu++20";
				CLANG_ENABLE_MODULES = YES;
				CLANG_ENABLE_OBJC_ARC = YES;
				CLANG_ENABLE_OBJC_WEAK = YES;
				CLANG_WARN_BLOCK_CAPTURE_AUTORELEASING = YES;
				CLANG_WARN_BOOL_CONVERSION = YES;
				CLANG_WARN_COMMA = YES;
				CLANG_WARN_CONSTANT_CONVERSION = YES;
				CLANG_WARN_DEPRECATED_OBJC_IMPLEMENTATIONS = YES;
				CLANG_WARN_DIRECT_OBJC_ISA_USAGE = YES_ERROR;
				CLANG_WARN_DOCUMENTATION_COMMENTS = YES;
				CLANG_WARN_EMPTY_BODY = YES;
				CLANG_WARN_ENUM_CONVERSION = YES;
				CLANG_WARN_INFINITE_RECURSION = YES;
				CLANG_WARN_INT_CONVERSION = YES;
				CLANG_WARN_NON_LITERAL_NULL_CONVERSION = YES;
				CLANG_WARN_OBJC_IMPLICIT_RETAIN_SELF = YES;
				CLANG_WARN_OBJC_LITERAL_CONVERSION = YES;
				CLANG_WARN_OBJC_ROOT_CLASS = YES_ERROR;
				CLANG_WARN_QUOTED_INCLUDE_IN_FRAMEWORK_HEADER = YES;
				CLANG_WARN_RANGE_LOOP_ANALYSIS = YES;
				CLANG_WARN_STRICT_PROTOTYPES = YES;
				CLANG_WARN_SUSPICIOUS_MOVE = YES;
				CLANG_WARN_UNGUARDED_AVAILABILITY = YES_AGGRESSIVE;
				CLANG_WARN_UNREACHABLE_CODE = YES;
				CLANG_WARN__DUPLICATE_METHOD_MATCH = YES;
				COPY_PHASE_STRIP = NO;
				DEBUG_INFORMATION_FORMAT = dwarf;
				ENABLE_STRICT_OBJC_MSGSEND = YES;
				ENABLE_TESTABILITY = YES;
				GCC_C_LANGUAGE_STANDARD = gnu11;
				GCC_DYNAMIC_NO_PIC = NO;
				GCC_NO_COMMON_BLOCKS = YES;
				GCC_OPTIMIZATION_LEVEL = 0;
				GCC_PREPROCESSOR_DEFINITIONS = (
					"DEBUG=1",
					"$(inherited)",
				);
				GCC_WARN_64_TO_32_BIT_CONVERSION = YES;
				GCC_WARN_ABOUT_RETURN_TYPE = YES_ERROR;
				GCC_WARN_UNDECLARED_SELECTOR = YES;
				GCC_WARN_UNINITIALIZED_AUTOS = YES_AGGRESSIVE;
				GCC_WARN_UNUSED_FUNCTION = YES;
				GCC_WARN_UNUSED_VARIABLE = YES;
				IPHONEOS_DEPLOYMENT_TARGET = 16.4;
				MTL_ENABLE_DEBUG_INFO = INCLUDE_SOURCE;
				MTL_FAST_MATH = YES;
				ONLY_ACTIVE_ARCH = YES;
				SDKROOT = iphoneos;
				SWIFT_ACTIVE_COMPILATION_CONDITIONS = DEBUG;
				SWIFT_OPTIMIZATION_LEVEL = "-Onone";
			};
			name = Debug;
		};
		3F6228452A4D2DCD0048B7F9 /* Release */ = {
			isa = XCBuildConfiguration;
			buildSettings = {
				ALWAYS_SEARCH_USER_PATHS = NO;
				CLANG_ANALYZER_NONNULL = YES;
				CLANG_ANALYZER_NUMBER_OBJECT_CONVERSION = YES_AGGRESSIVE;
				CLANG_CXX_LANGUAGE_STANDARD = "gnu++20";
				CLANG_ENABLE_MODULES = YES;
				CLANG_ENABLE_OBJC_ARC = YES;
				CLANG_ENABLE_OBJC_WEAK = YES;
				CLANG_WARN_BLOCK_CAPTURE_AUTORELEASING = YES;
				CLANG_WARN_BOOL_CONVERSION = YES;
				CLANG_WARN_COMMA = YES;
				CLANG_WARN_CONSTANT_CONVERSION = YES;
				CLANG_WARN_DEPRECATED_OBJC_IMPLEMENTATIONS = YES;
				CLANG_WARN_DIRECT_OBJC_ISA_USAGE = YES_ERROR;
				CLANG_WARN_DOCUMENTATION_COMMENTS = YES;
				CLANG_WARN_EMPTY_BODY = YES;
				CLANG_WARN_ENUM_CONVERSION = YES;
				CLANG_WARN_INFINITE_RECURSION = YES;
				CLANG_WARN_INT_CONVERSION = YES;
				CLANG_WARN_NON_LITERAL_NULL_CONVERSION = YES;
				CLANG_WARN_OBJC_IMPLICIT_RETAIN_SELF = YES;
				CLANG_WARN_OBJC_LITERAL_CONVERSION = YES;
				CLANG_WARN_OBJC_ROOT_CLASS = YES_ERROR;
				CLANG_WARN_QUOTED_INCLUDE_IN_FRAMEWORK_HEADER = YES;
				CLANG_WARN_RANGE_LOOP_ANALYSIS = YES;
				CLANG_WARN_STRICT_PROTOTYPES = YES;
				CLANG_WARN_SUSPICIOUS_MOVE = YES;
				CLANG_WARN_UNGUARDED_AVAILABILITY = YES_AGGRESSIVE;
				CLANG_WARN_UNREACHABLE_CODE = YES;
				CLANG_WARN__DUPLICATE_METHOD_MATCH = YES;
				COPY_PHASE_STRIP = NO;
				DEBUG_INFORMATION_FORMAT = "dwarf-with-dsym";
				ENABLE_NS_ASSERTIONS = NO;
				ENABLE_STRICT_OBJC_MSGSEND = YES;
				GCC_C_LANGUAGE_STANDARD = gnu11;
				GCC_NO_COMMON_BLOCKS = YES;
				GCC_WARN_64_TO_32_BIT_CONVERSION = YES;
				GCC_WARN_ABOUT_RETURN_TYPE = YES_ERROR;
				GCC_WARN_UNDECLARED_SELECTOR = YES;
				GCC_WARN_UNINITIALIZED_AUTOS = YES_AGGRESSIVE;
				GCC_WARN_UNUSED_FUNCTION = YES;
				GCC_WARN_UNUSED_VARIABLE = YES;
				IPHONEOS_DEPLOYMENT_TARGET = 16.4;
				MTL_ENABLE_DEBUG_INFO = NO;
				MTL_FAST_MATH = YES;
				SDKROOT = iphoneos;
				SWIFT_COMPILATION_MODE = wholemodule;
				SWIFT_OPTIMIZATION_LEVEL = "-O";
				VALIDATE_PRODUCT = YES;
			};
			name = Release;
		};
		3F6228472A4D2DCD0048B7F9 /* Debug */ = {
			isa = XCBuildConfiguration;
			baseConfigurationReference = 3FB8C6DE2A71330C0049A03F /* AppConfig.xcconfig */;
			buildSettings = {
				ASSETCATALOG_COMPILER_APPICON_NAME = AppIcon;
				ASSETCATALOG_COMPILER_GLOBAL_ACCENT_COLOR_NAME = AccentColor;
				CODE_SIGN_STYLE = Automatic;
				CURRENT_PROJECT_VERSION = 1;
				DEVELOPMENT_TEAM = V7TH2GUA8U;
				GENERATE_INFOPLIST_FILE = YES;
				INFOPLIST_FILE = Spotify_App/Info.plist;
				INFOPLIST_KEY_UIApplicationSupportsIndirectInputEvents = YES;
				INFOPLIST_KEY_UILaunchStoryboardName = LaunchScreen;
				INFOPLIST_KEY_UISupportedInterfaceOrientations_iPad = "UIInterfaceOrientationPortrait UIInterfaceOrientationPortraitUpsideDown UIInterfaceOrientationLandscapeLeft UIInterfaceOrientationLandscapeRight";
				INFOPLIST_KEY_UISupportedInterfaceOrientations_iPhone = "UIInterfaceOrientationPortrait UIInterfaceOrientationLandscapeLeft UIInterfaceOrientationLandscapeRight";
				LD_RUNPATH_SEARCH_PATHS = (
					"$(inherited)",
					"@executable_path/Frameworks",
				);
				MARKETING_VERSION = 1.0;
				PRODUCT_BUNDLE_IDENTIFIER = "com.Lime.Spotify-App";
				PRODUCT_NAME = "$(TARGET_NAME)";
				SWIFT_EMIT_LOC_STRINGS = YES;
				SWIFT_VERSION = 5.0;
				TARGETED_DEVICE_FAMILY = "1,2";
			};
			name = Debug;
		};
		3F6228482A4D2DCD0048B7F9 /* Release */ = {
			isa = XCBuildConfiguration;
			baseConfigurationReference = 3FB8C6DE2A71330C0049A03F /* AppConfig.xcconfig */;
			buildSettings = {
				ASSETCATALOG_COMPILER_APPICON_NAME = AppIcon;
				ASSETCATALOG_COMPILER_GLOBAL_ACCENT_COLOR_NAME = AccentColor;
				CODE_SIGN_STYLE = Automatic;
				CURRENT_PROJECT_VERSION = 1;
				DEVELOPMENT_TEAM = V7TH2GUA8U;
				GENERATE_INFOPLIST_FILE = YES;
				INFOPLIST_FILE = Spotify_App/Info.plist;
				INFOPLIST_KEY_UIApplicationSupportsIndirectInputEvents = YES;
				INFOPLIST_KEY_UILaunchStoryboardName = LaunchScreen;
				INFOPLIST_KEY_UISupportedInterfaceOrientations_iPad = "UIInterfaceOrientationPortrait UIInterfaceOrientationPortraitUpsideDown UIInterfaceOrientationLandscapeLeft UIInterfaceOrientationLandscapeRight";
				INFOPLIST_KEY_UISupportedInterfaceOrientations_iPhone = "UIInterfaceOrientationPortrait UIInterfaceOrientationLandscapeLeft UIInterfaceOrientationLandscapeRight";
				LD_RUNPATH_SEARCH_PATHS = (
					"$(inherited)",
					"@executable_path/Frameworks",
				);
				MARKETING_VERSION = 1.0;
				PRODUCT_BUNDLE_IDENTIFIER = "com.Lime.Spotify-App";
				PRODUCT_NAME = "$(TARGET_NAME)";
				SWIFT_EMIT_LOC_STRINGS = YES;
				SWIFT_VERSION = 5.0;
				TARGETED_DEVICE_FAMILY = "1,2";
			};
			name = Release;
		};
		3F62284A2A4D2DCD0048B7F9 /* Debug */ = {
			isa = XCBuildConfiguration;
			buildSettings = {
				ALWAYS_EMBED_SWIFT_STANDARD_LIBRARIES = YES;
				BUNDLE_LOADER = "$(TEST_HOST)";
				CODE_SIGN_STYLE = Automatic;
				CURRENT_PROJECT_VERSION = 1;
				DEVELOPMENT_TEAM = V7TH2GUA8U;
				GENERATE_INFOPLIST_FILE = YES;
				IPHONEOS_DEPLOYMENT_TARGET = 16.4;
				MARKETING_VERSION = 1.0;
				PRODUCT_BUNDLE_IDENTIFIER = "com.Lime.Spotify-AppTests";
				PRODUCT_NAME = "$(TARGET_NAME)";
				SWIFT_EMIT_LOC_STRINGS = NO;
				SWIFT_VERSION = 5.0;
				TARGETED_DEVICE_FAMILY = "1,2";
				TEST_HOST = "$(BUILT_PRODUCTS_DIR)/Spotify_App.app/$(BUNDLE_EXECUTABLE_FOLDER_PATH)/Spotify_App";
			};
			name = Debug;
		};
		3F62284B2A4D2DCD0048B7F9 /* Release */ = {
			isa = XCBuildConfiguration;
			buildSettings = {
				ALWAYS_EMBED_SWIFT_STANDARD_LIBRARIES = YES;
				BUNDLE_LOADER = "$(TEST_HOST)";
				CODE_SIGN_STYLE = Automatic;
				CURRENT_PROJECT_VERSION = 1;
				DEVELOPMENT_TEAM = V7TH2GUA8U;
				GENERATE_INFOPLIST_FILE = YES;
				IPHONEOS_DEPLOYMENT_TARGET = 16.4;
				MARKETING_VERSION = 1.0;
				PRODUCT_BUNDLE_IDENTIFIER = "com.Lime.Spotify-AppTests";
				PRODUCT_NAME = "$(TARGET_NAME)";
				SWIFT_EMIT_LOC_STRINGS = NO;
				SWIFT_VERSION = 5.0;
				TARGETED_DEVICE_FAMILY = "1,2";
				TEST_HOST = "$(BUILT_PRODUCTS_DIR)/Spotify_App.app/$(BUNDLE_EXECUTABLE_FOLDER_PATH)/Spotify_App";
			};
			name = Release;
		};
		3F62284D2A4D2DCD0048B7F9 /* Debug */ = {
			isa = XCBuildConfiguration;
			buildSettings = {
				ALWAYS_EMBED_SWIFT_STANDARD_LIBRARIES = YES;
				CODE_SIGN_STYLE = Automatic;
				CURRENT_PROJECT_VERSION = 1;
				DEVELOPMENT_TEAM = V7TH2GUA8U;
				GENERATE_INFOPLIST_FILE = YES;
				MARKETING_VERSION = 1.0;
				PRODUCT_BUNDLE_IDENTIFIER = "com.Lime.Spotify-AppUITests";
				PRODUCT_NAME = "$(TARGET_NAME)";
				SWIFT_EMIT_LOC_STRINGS = NO;
				SWIFT_VERSION = 5.0;
				TARGETED_DEVICE_FAMILY = "1,2";
				TEST_TARGET_NAME = Spotify_App;
			};
			name = Debug;
		};
		3F62284E2A4D2DCD0048B7F9 /* Release */ = {
			isa = XCBuildConfiguration;
			buildSettings = {
				ALWAYS_EMBED_SWIFT_STANDARD_LIBRARIES = YES;
				CODE_SIGN_STYLE = Automatic;
				CURRENT_PROJECT_VERSION = 1;
				DEVELOPMENT_TEAM = V7TH2GUA8U;
				GENERATE_INFOPLIST_FILE = YES;
				MARKETING_VERSION = 1.0;
				PRODUCT_BUNDLE_IDENTIFIER = "com.Lime.Spotify-AppUITests";
				PRODUCT_NAME = "$(TARGET_NAME)";
				SWIFT_EMIT_LOC_STRINGS = NO;
				SWIFT_VERSION = 5.0;
				TARGETED_DEVICE_FAMILY = "1,2";
				TEST_TARGET_NAME = Spotify_App;
			};
			name = Release;
		};
/* End XCBuildConfiguration section */

/* Begin XCConfigurationList section */
		3F6228172A4D2DCC0048B7F9 /* Build configuration list for PBXProject "Spotify_App" */ = {
			isa = XCConfigurationList;
			buildConfigurations = (
				3F6228442A4D2DCD0048B7F9 /* Debug */,
				3F6228452A4D2DCD0048B7F9 /* Release */,
			);
			defaultConfigurationIsVisible = 0;
			defaultConfigurationName = Release;
		};
		3F6228462A4D2DCD0048B7F9 /* Build configuration list for PBXNativeTarget "Spotify_App" */ = {
			isa = XCConfigurationList;
			buildConfigurations = (
				3F6228472A4D2DCD0048B7F9 /* Debug */,
				3F6228482A4D2DCD0048B7F9 /* Release */,
			);
			defaultConfigurationIsVisible = 0;
			defaultConfigurationName = Release;
		};
		3F6228492A4D2DCD0048B7F9 /* Build configuration list for PBXNativeTarget "Spotify_AppTests" */ = {
			isa = XCConfigurationList;
			buildConfigurations = (
				3F62284A2A4D2DCD0048B7F9 /* Debug */,
				3F62284B2A4D2DCD0048B7F9 /* Release */,
			);
			defaultConfigurationIsVisible = 0;
			defaultConfigurationName = Release;
		};
		3F62284C2A4D2DCD0048B7F9 /* Build configuration list for PBXNativeTarget "Spotify_AppUITests" */ = {
			isa = XCConfigurationList;
			buildConfigurations = (
				3F62284D2A4D2DCD0048B7F9 /* Debug */,
				3F62284E2A4D2DCD0048B7F9 /* Release */,
			);
			defaultConfigurationIsVisible = 0;
			defaultConfigurationName = Release;
		};
/* End XCConfigurationList section */

/* Begin XCRemoteSwiftPackageReference section */
		3FFDFE5C2A55A5B800FBBF7B /* XCRemoteSwiftPackageReference "Kingfisher" */ = {
			isa = XCRemoteSwiftPackageReference;
			repositoryURL = "https://github.com/onevcat/Kingfisher.git";
			requirement = {
				kind = upToNextMajorVersion;
				minimumVersion = 7.0.0;
			};
		};
/* End XCRemoteSwiftPackageReference section */

/* Begin XCSwiftPackageProductDependency section */
		3FFDFE5D2A55A5B800FBBF7B /* Kingfisher */ = {
			isa = XCSwiftPackageProductDependency;
			package = 3FFDFE5C2A55A5B800FBBF7B /* XCRemoteSwiftPackageReference "Kingfisher" */;
			productName = Kingfisher;
		};
/* End XCSwiftPackageProductDependency section */
	};
	rootObject = 3F6228142A4D2DCC0048B7F9 /* Project object */;
}
